
Microsoft Visual Studio Solution File, Format Version 12.00
# Visual Studio Version 16
VisualStudioVersion = 16.0.29411.108
MinimumVisualStudioVersion = 10.0.40219.1
Project("{9A19103F-16F7-4668-BE54-9A1E7A4F7556}") = "Stasistium.Core", "Stasistium.Core\Stasistium.Core.csproj", "{DDC64FBE-F666-4803-B2C4-E6644FD66908}"
EndProject
Project("{9A19103F-16F7-4668-BE54-9A1E7A4F7556}") = "Stasistium.Git", "Stasistium.Git\Stasistium.Git.csproj", "{710DA906-5B1D-4AA5-ABB1-F2095BD86365}"
EndProject
Project("{9A19103F-16F7-4668-BE54-9A1E7A4F7556}") = "Stasistium.Markdown", "Stasistium.Markdown\Stasistium.Markdown.csproj", "{95C416D5-4ED8-41DB-8C18-3632C48AE725}"
EndProject
Project("{9A19103F-16F7-4668-BE54-9A1E7A4F7556}") = "Stasistium.YAML", "Stasistium.YAML\Stasistium.YAML.csproj", "{492E14E4-0644-49CA-A780-64A56CA6EA76}"
EndProject
Project("{9A19103F-16F7-4668-BE54-9A1E7A4F7556}") = "Stasistium.Sample", "Stasistium.Sample\Stasistium.Sample.csproj", "{3A607238-CE92-400E-A4C4-63C2F919C3D4}"
EndProject
Project("{9A19103F-16F7-4668-BE54-9A1E7A4F7556}") = "Stasistium.Razor", "Stasistium.Razor\Stasistium.Razor.csproj", "{B8451FCC-CE8C-4693-8AE0-B269BDD9AA5C}"
EndProject
Project("{2150E333-8FDC-42A3-9474-1A3956D46DE8}") = "Solution Items", "Solution Items", "{2663A809-01EC-48A9-97BF-617BACE0648C}"
	ProjectSection(SolutionItems) = preProject
		.editorconfig = .editorconfig
		Common.targets = Common.targets
		nuget.config.bak = nuget.config.bak
	EndProjectSection
EndProject
Project("{9A19103F-16F7-4668-BE54-9A1E7A4F7556}") = "Stasistium.Office", "Stasistium.Office\Stasistium.Office.csproj", "{CD27997E-754B-4877-8329-047A927D188C}"
EndProject
Project("{9A19103F-16F7-4668-BE54-9A1E7A4F7556}") = "Stasistium.Test.Core", "Stasistium.Test.Core\Stasistium.Test.Core.csproj", "{B73F6600-7554-4F65-8E0F-241AF04264DA}"
EndProject
Project("{2150E333-8FDC-42A3-9474-1A3956D46DE8}") = "Tests", "Tests", "{387DA049-84FB-48C8-AE9C-3759AE9F500E}"
EndProject
Project("{9A19103F-16F7-4668-BE54-9A1E7A4F7556}") = "Stasistium.Test", "Stasistium.Test\Stasistium.Test.csproj", "{D8B1AD46-9151-42B7-95A0-15727C99EF68}"
EndProject
Project("{9A19103F-16F7-4668-BE54-9A1E7A4F7556}") = "Stasistium.Sass", "Stasistium.Sass\Stasistium.Sass.csproj", "{03A13D38-5622-4BEB-8ED6-21EB2E3599DB}"
EndProject
Project("{9A19103F-16F7-4668-BE54-9A1E7A4F7556}") = "Stasistium.Generator", "Stasistium.Generator\Stasistium.Generator.csproj", "{B299B147-6048-48E0-A483-E98AE336B699}"
EndProject
Global
	GlobalSection(SolutionConfigurationPlatforms) = preSolution
		Debug|Any CPU = Debug|Any CPU
		Release|Any CPU = Release|Any CPU
	EndGlobalSection
	GlobalSection(ProjectConfigurationPlatforms) = postSolution
		{DDC64FBE-F666-4803-B2C4-E6644FD66908}.Debug|Any CPU.ActiveCfg = Debug|Any CPU
		{DDC64FBE-F666-4803-B2C4-E6644FD66908}.Debug|Any CPU.Build.0 = Debug|Any CPU
		{DDC64FBE-F666-4803-B2C4-E6644FD66908}.Release|Any CPU.ActiveCfg = Release|Any CPU
		{DDC64FBE-F666-4803-B2C4-E6644FD66908}.Release|Any CPU.Build.0 = Release|Any CPU
		{710DA906-5B1D-4AA5-ABB1-F2095BD86365}.Debug|Any CPU.ActiveCfg = Debug|Any CPU
		{710DA906-5B1D-4AA5-ABB1-F2095BD86365}.Debug|Any CPU.Build.0 = Debug|Any CPU
		{710DA906-5B1D-4AA5-ABB1-F2095BD86365}.Release|Any CPU.ActiveCfg = Release|Any CPU
		{710DA906-5B1D-4AA5-ABB1-F2095BD86365}.Release|Any CPU.Build.0 = Release|Any CPU
		{95C416D5-4ED8-41DB-8C18-3632C48AE725}.Debug|Any CPU.ActiveCfg = Debug|Any CPU
		{95C416D5-4ED8-41DB-8C18-3632C48AE725}.Debug|Any CPU.Build.0 = Debug|Any CPU
		{95C416D5-4ED8-41DB-8C18-3632C48AE725}.Release|Any CPU.ActiveCfg = Release|Any CPU
		{95C416D5-4ED8-41DB-8C18-3632C48AE725}.Release|Any CPU.Build.0 = Release|Any CPU
		{492E14E4-0644-49CA-A780-64A56CA6EA76}.Debug|Any CPU.ActiveCfg = Debug|Any CPU
		{492E14E4-0644-49CA-A780-64A56CA6EA76}.Debug|Any CPU.Build.0 = Debug|Any CPU
		{492E14E4-0644-49CA-A780-64A56CA6EA76}.Release|Any CPU.ActiveCfg = Release|Any CPU
		{492E14E4-0644-49CA-A780-64A56CA6EA76}.Release|Any CPU.Build.0 = Release|Any CPU
		{3A607238-CE92-400E-A4C4-63C2F919C3D4}.Debug|Any CPU.ActiveCfg = Debug|Any CPU
		{3A607238-CE92-400E-A4C4-63C2F919C3D4}.Debug|Any CPU.Build.0 = Debug|Any CPU
		{3A607238-CE92-400E-A4C4-63C2F919C3D4}.Release|Any CPU.ActiveCfg = Release|Any CPU
		{3A607238-CE92-400E-A4C4-63C2F919C3D4}.Release|Any CPU.Build.0 = Release|Any CPU
		{B8451FCC-CE8C-4693-8AE0-B269BDD9AA5C}.Debug|Any CPU.ActiveCfg = Debug|Any CPU
		{B8451FCC-CE8C-4693-8AE0-B269BDD9AA5C}.Debug|Any CPU.Build.0 = Debug|Any CPU
		{B8451FCC-CE8C-4693-8AE0-B269BDD9AA5C}.Release|Any CPU.ActiveCfg = Release|Any CPU
		{B8451FCC-CE8C-4693-8AE0-B269BDD9AA5C}.Release|Any CPU.Build.0 = Release|Any CPU
		{CD27997E-754B-4877-8329-047A927D188C}.Debug|Any CPU.ActiveCfg = Debug|Any CPU
		{CD27997E-754B-4877-8329-047A927D188C}.Debug|Any CPU.Build.0 = Debug|Any CPU
		{CD27997E-754B-4877-8329-047A927D188C}.Release|Any CPU.ActiveCfg = Release|Any CPU
		{CD27997E-754B-4877-8329-047A927D188C}.Release|Any CPU.Build.0 = Release|Any CPU
		{B73F6600-7554-4F65-8E0F-241AF04264DA}.Debug|Any CPU.ActiveCfg = Debug|Any CPU
		{B73F6600-7554-4F65-8E0F-241AF04264DA}.Debug|Any CPU.Build.0 = Debug|Any CPU
		{B73F6600-7554-4F65-8E0F-241AF04264DA}.Release|Any CPU.ActiveCfg = Release|Any CPU
		{B73F6600-7554-4F65-8E0F-241AF04264DA}.Release|Any CPU.Build.0 = Release|Any CPU
		{D8B1AD46-9151-42B7-95A0-15727C99EF68}.Debug|Any CPU.ActiveCfg = Debug|Any CPU
		{D8B1AD46-9151-42B7-95A0-15727C99EF68}.Debug|Any CPU.Build.0 = Debug|Any CPU
		{D8B1AD46-9151-42B7-95A0-15727C99EF68}.Release|Any CPU.ActiveCfg = Release|Any CPU
		{D8B1AD46-9151-42B7-95A0-15727C99EF68}.Release|Any CPU.Build.0 = Release|Any CPU
		{03A13D38-5622-4BEB-8ED6-21EB2E3599DB}.Debug|Any CPU.ActiveCfg = Debug|Any CPU
		{03A13D38-5622-4BEB-8ED6-21EB2E3599DB}.Debug|Any CPU.Build.0 = Debug|Any CPU
		{03A13D38-5622-4BEB-8ED6-21EB2E3599DB}.Release|Any CPU.ActiveCfg = Release|Any CPU
		{03A13D38-5622-4BEB-8ED6-21EB2E3599DB}.Release|Any CPU.Build.0 = Release|Any CPU
		{B299B147-6048-48E0-A483-E98AE336B699}.Debug|Any CPU.ActiveCfg = Debug|Any CPU
		{B299B147-6048-48E0-A483-E98AE336B699}.Debug|Any CPU.Build.0 = Debug|Any CPU
		{B299B147-6048-48E0-A483-E98AE336B699}.Release|Any CPU.ActiveCfg = Release|Any CPU
		{B299B147-6048-48E0-A483-E98AE336B699}.Release|Any CPU.Build.0 = Release|Any CPU
	EndGlobalSection
	GlobalSection(SolutionProperties) = preSolution
		HideSolutionNode = FALSE
	EndGlobalSection
	GlobalSection(NestedProjects) = preSolution
		{B73F6600-7554-4F65-8E0F-241AF04264DA} = {387DA049-84FB-48C8-AE9C-3759AE9F500E}
		{D8B1AD46-9151-42B7-95A0-15727C99EF68} = {387DA049-84FB-48C8-AE9C-3759AE9F500E}
	EndGlobalSection
	GlobalSection(ExtensibilityGlobals) = postSolution
		SolutionGuid = {1EF43ACC-71F7-4E51-8EF2-BC42F32C480D}
	EndGlobalSection
EndGlobal
